
Microsoft Visual Studio Solution File, Format Version 12.00
Project("{FAE04EC0-301F-11D3-BF4B-00C04F79EFBC}") = "Json.Flat", "Json.Flat\Json.Flat.csproj", "{36512AE3-06C9-4E8F-9E8A-37E2B4F175A8}"
EndProject
Project("{FAE04EC0-301F-11D3-BF4B-00C04F79EFBC}") = "Json.Flat.Tests", "Json.Flat.Tests\Json.Flat.Tests.csproj", "{4D00229C-4D66-444A-879D-9FFCEE8A1518}"
EndProject
Global
	GlobalSection(SolutionConfigurationPlatforms) = preSolution
		Debug|Any CPU = Debug|Any CPU
		Release|Any CPU = Release|Any CPU
	EndGlobalSection
	GlobalSection(ProjectConfigurationPlatforms) = postSolution
		{36512AE3-06C9-4E8F-9E8A-37E2B4F175A8}.Debug|Any CPU.ActiveCfg = Debug|Any CPU
		{36512AE3-06C9-4E8F-9E8A-37E2B4F175A8}.Debug|Any CPU.Build.0 = Debug|Any CPU
		{36512AE3-06C9-4E8F-9E8A-37E2B4F175A8}.Release|Any CPU.ActiveCfg = Release|Any CPU
		{36512AE3-06C9-4E8F-9E8A-37E2B4F175A8}.Release|Any CPU.Build.0 = Release|Any CPU
		{4D00229C-4D66-444A-879D-9FFCEE8A1518}.Debug|Any CPU.ActiveCfg = Debug|Any CPU
		{4D00229C-4D66-444A-879D-9FFCEE8A1518}.Debug|Any CPU.Build.0 = Debug|Any CPU
		{4D00229C-4D66-444A-879D-9FFCEE8A1518}.Release|Any CPU.ActiveCfg = Release|Any CPU
		{4D00229C-4D66-444A-879D-9FFCEE8A1518}.Release|Any CPU.Build.0 = Release|Any CPU
	EndGlobalSection
EndGlobal
